
Microsoft Visual Studio Solution File, Format Version 12.00
# Visual Studio 14
VisualStudioVersion = 14.0.25123.0
MinimumVisualStudioVersion = 10.0.40219.1
Project("{FAE04EC0-301F-11D3-BF4B-00C04F79EFBC}") = "TAP异步编程", "TAP异步编程\TAP异步编程.csproj", "{BD6E14CA-D8EE-497A-A6E2-C07376CBA2BE}"
EndProject
Project("{FAE04EC0-301F-11D3-BF4B-00C04F79EFBC}") = "错误与异常", "错误与异常\错误与异常.csproj", "{9C845F5F-CF2A-4C46-B583-1AB3F168121E}"
EndProject
Project("{FAE04EC0-301F-11D3-BF4B-00C04F79EFBC}") = "反射与特性", "反射与特性\反射与特性.csproj", "{0269F7DD-40A4-4AED-BB2E-B515E84153A1}"
EndProject
Project("{FAE04EC0-301F-11D3-BF4B-00C04F79EFBC}") = "乱七八糟的", "乱七八糟的\乱七八糟的.csproj", "{CF585619-8197-46E3-81F9-5A2E6489A56D}"
EndProject
Project("{FAE04EC0-301F-11D3-BF4B-00C04F79EFBC}") = "指针与内存管理", "指针与内存管理\指针与内存管理.csproj", "{5D742C1A-7C3B-4988-BEE7-AADC92A0BBAF}"
EndProject
Project("{FAE04EC0-301F-11D3-BF4B-00C04F79EFBC}") = "弱事件", "弱事件\弱事件.csproj", "{879C20A1-0FD2-408F-9D7C-CB1CE2EC96B4}"
EndProject
Project("{FAE04EC0-301F-11D3-BF4B-00C04F79EFBC}") = "集合", "集合\集合.csproj", "{E418BDF4-9105-40E8-A68D-4E50731C8B52}"
EndProject
Project("{FAE04EC0-301F-11D3-BF4B-00C04F79EFBC}") = "单元测试", "单元测试\单元测试.csproj", "{0130904A-5552-419D-A88C-D2A20C674F15}"
EndProject
Project("{FAE04EC0-301F-11D3-BF4B-00C04F79EFBC}") = "单元测试项目", "单元测试项目\单元测试项目.csproj", "{B17D4F9D-C1D9-49D0-A760-044E4298FD2D}"
EndProject
Global
	GlobalSection(Performance) = preSolution
		HasPerformanceSessions = true
	EndGlobalSection
	GlobalSection(SolutionConfigurationPlatforms) = preSolution
		Debug|Any CPU = Debug|Any CPU
		Debug|x64 = Debug|x64
		Debug|x86 = Debug|x86
		Release|Any CPU = Release|Any CPU
		Release|x64 = Release|x64
		Release|x86 = Release|x86
	EndGlobalSection
	GlobalSection(ProjectConfigurationPlatforms) = postSolution
		{BD6E14CA-D8EE-497A-A6E2-C07376CBA2BE}.Debug|Any CPU.ActiveCfg = Debug|Any CPU
		{BD6E14CA-D8EE-497A-A6E2-C07376CBA2BE}.Debug|Any CPU.Build.0 = Debug|Any CPU
		{BD6E14CA-D8EE-497A-A6E2-C07376CBA2BE}.Debug|x64.ActiveCfg = Debug|Any CPU
		{BD6E14CA-D8EE-497A-A6E2-C07376CBA2BE}.Debug|x64.Build.0 = Debug|Any CPU
		{BD6E14CA-D8EE-497A-A6E2-C07376CBA2BE}.Debug|x86.ActiveCfg = Debug|Any CPU
		{BD6E14CA-D8EE-497A-A6E2-C07376CBA2BE}.Debug|x86.Build.0 = Debug|Any CPU
		{BD6E14CA-D8EE-497A-A6E2-C07376CBA2BE}.Release|Any CPU.ActiveCfg = Release|Any CPU
		{BD6E14CA-D8EE-497A-A6E2-C07376CBA2BE}.Release|Any CPU.Build.0 = Release|Any CPU
		{BD6E14CA-D8EE-497A-A6E2-C07376CBA2BE}.Release|x64.ActiveCfg = Release|Any CPU
		{BD6E14CA-D8EE-497A-A6E2-C07376CBA2BE}.Release|x64.Build.0 = Release|Any CPU
		{BD6E14CA-D8EE-497A-A6E2-C07376CBA2BE}.Release|x86.ActiveCfg = Release|Any CPU
		{BD6E14CA-D8EE-497A-A6E2-C07376CBA2BE}.Release|x86.Build.0 = Release|Any CPU
		{9C845F5F-CF2A-4C46-B583-1AB3F168121E}.Debug|Any CPU.ActiveCfg = Debug|Any CPU
		{9C845F5F-CF2A-4C46-B583-1AB3F168121E}.Debug|Any CPU.Build.0 = Debug|Any CPU
		{9C845F5F-CF2A-4C46-B583-1AB3F168121E}.Debug|x64.ActiveCfg = Debug|Any CPU
		{9C845F5F-CF2A-4C46-B583-1AB3F168121E}.Debug|x64.Build.0 = Debug|Any CPU
		{9C845F5F-CF2A-4C46-B583-1AB3F168121E}.Debug|x86.ActiveCfg = Debug|Any CPU
		{9C845F5F-CF2A-4C46-B583-1AB3F168121E}.Debug|x86.Build.0 = Debug|Any CPU
		{9C845F5F-CF2A-4C46-B583-1AB3F168121E}.Release|Any CPU.ActiveCfg = Release|Any CPU
		{9C845F5F-CF2A-4C46-B583-1AB3F168121E}.Release|Any CPU.Build.0 = Release|Any CPU
		{9C845F5F-CF2A-4C46-B583-1AB3F168121E}.Release|x64.ActiveCfg = Release|Any CPU
		{9C845F5F-CF2A-4C46-B583-1AB3F168121E}.Release|x64.Build.0 = Release|Any CPU
		{9C845F5F-CF2A-4C46-B583-1AB3F168121E}.Release|x86.ActiveCfg = Release|Any CPU
		{9C845F5F-CF2A-4C46-B583-1AB3F168121E}.Release|x86.Build.0 = Release|Any CPU
		{0269F7DD-40A4-4AED-BB2E-B515E84153A1}.Debug|Any CPU.ActiveCfg = Debug|Any CPU
		{0269F7DD-40A4-4AED-BB2E-B515E84153A1}.Debug|Any CPU.Build.0 = Debug|Any CPU
		{0269F7DD-40A4-4AED-BB2E-B515E84153A1}.Debug|x64.ActiveCfg = Debug|Any CPU
		{0269F7DD-40A4-4AED-BB2E-B515E84153A1}.Debug|x64.Build.0 = Debug|Any CPU
		{0269F7DD-40A4-4AED-BB2E-B515E84153A1}.Debug|x86.ActiveCfg = Debug|Any CPU
		{0269F7DD-40A4-4AED-BB2E-B515E84153A1}.Debug|x86.Build.0 = Debug|Any CPU
		{0269F7DD-40A4-4AED-BB2E-B515E84153A1}.Release|Any CPU.ActiveCfg = Release|Any CPU
		{0269F7DD-40A4-4AED-BB2E-B515E84153A1}.Release|Any CPU.Build.0 = Release|Any CPU
		{0269F7DD-40A4-4AED-BB2E-B515E84153A1}.Release|x64.ActiveCfg = Release|Any CPU
		{0269F7DD-40A4-4AED-BB2E-B515E84153A1}.Release|x64.Build.0 = Release|Any CPU
		{0269F7DD-40A4-4AED-BB2E-B515E84153A1}.Release|x86.ActiveCfg = Release|Any CPU
		{0269F7DD-40A4-4AED-BB2E-B515E84153A1}.Release|x86.Build.0 = Release|Any CPU
		{CF585619-8197-46E3-81F9-5A2E6489A56D}.Debug|Any CPU.ActiveCfg = Debug|Any CPU
		{CF585619-8197-46E3-81F9-5A2E6489A56D}.Debug|Any CPU.Build.0 = Debug|Any CPU
		{CF585619-8197-46E3-81F9-5A2E6489A56D}.Debug|x64.ActiveCfg = Debug|Any CPU
		{CF585619-8197-46E3-81F9-5A2E6489A56D}.Debug|x64.Build.0 = Debug|Any CPU
		{CF585619-8197-46E3-81F9-5A2E6489A56D}.Debug|x86.ActiveCfg = Debug|Any CPU
		{CF585619-8197-46E3-81F9-5A2E6489A56D}.Debug|x86.Build.0 = Debug|Any CPU
		{CF585619-8197-46E3-81F9-5A2E6489A56D}.Release|Any CPU.ActiveCfg = Release|Any CPU
		{CF585619-8197-46E3-81F9-5A2E6489A56D}.Release|Any CPU.Build.0 = Release|Any CPU
		{CF585619-8197-46E3-81F9-5A2E6489A56D}.Release|x64.ActiveCfg = Release|Any CPU
		{CF585619-8197-46E3-81F9-5A2E6489A56D}.Release|x64.Build.0 = Release|Any CPU
		{CF585619-8197-46E3-81F9-5A2E6489A56D}.Release|x86.ActiveCfg = Release|Any CPU
		{CF585619-8197-46E3-81F9-5A2E6489A56D}.Release|x86.Build.0 = Release|Any CPU
		{5D742C1A-7C3B-4988-BEE7-AADC92A0BBAF}.Debug|Any CPU.ActiveCfg = Debug|Any CPU
		{5D742C1A-7C3B-4988-BEE7-AADC92A0BBAF}.Debug|Any CPU.Build.0 = Debug|Any CPU
		{5D742C1A-7C3B-4988-BEE7-AADC92A0BBAF}.Debug|x64.ActiveCfg = Debug|x64
		{5D742C1A-7C3B-4988-BEE7-AADC92A0BBAF}.Debug|x64.Build.0 = Debug|x64
		{5D742C1A-7C3B-4988-BEE7-AADC92A0BBAF}.Debug|x86.ActiveCfg = Debug|x86
		{5D742C1A-7C3B-4988-BEE7-AADC92A0BBAF}.Debug|x86.Build.0 = Debug|x86
		{5D742C1A-7C3B-4988-BEE7-AADC92A0BBAF}.Release|Any CPU.ActiveCfg = Release|Any CPU
		{5D742C1A-7C3B-4988-BEE7-AADC92A0BBAF}.Release|Any CPU.Build.0 = Release|Any CPU
		{5D742C1A-7C3B-4988-BEE7-AADC92A0BBAF}.Release|x64.ActiveCfg = Release|x64
		{5D742C1A-7C3B-4988-BEE7-AADC92A0BBAF}.Release|x64.Build.0 = Release|x64
		{5D742C1A-7C3B-4988-BEE7-AADC92A0BBAF}.Release|x86.ActiveCfg = Release|x86
		{5D742C1A-7C3B-4988-BEE7-AADC92A0BBAF}.Release|x86.Build.0 = Release|x86
		{879C20A1-0FD2-408F-9D7C-CB1CE2EC96B4}.Debug|Any CPU.ActiveCfg = Debug|Any CPU
		{879C20A1-0FD2-408F-9D7C-CB1CE2EC96B4}.Debug|Any CPU.Build.0 = Debug|Any CPU
		{879C20A1-0FD2-408F-9D7C-CB1CE2EC96B4}.Debug|x64.ActiveCfg = Debug|Any CPU
		{879C20A1-0FD2-408F-9D7C-CB1CE2EC96B4}.Debug|x64.Build.0 = Debug|Any CPU
		{879C20A1-0FD2-408F-9D7C-CB1CE2EC96B4}.Debug|x86.ActiveCfg = Debug|Any CPU
		{879C20A1-0FD2-408F-9D7C-CB1CE2EC96B4}.Debug|x86.Build.0 = Debug|Any CPU
		{879C20A1-0FD2-408F-9D7C-CB1CE2EC96B4}.Release|Any CPU.ActiveCfg = Release|Any CPU
		{879C20A1-0FD2-408F-9D7C-CB1CE2EC96B4}.Release|Any CPU.Build.0 = Release|Any CPU
		{879C20A1-0FD2-408F-9D7C-CB1CE2EC96B4}.Release|x64.ActiveCfg = Release|Any CPU
		{879C20A1-0FD2-408F-9D7C-CB1CE2EC96B4}.Release|x64.Build.0 = Release|Any CPU
		{879C20A1-0FD2-408F-9D7C-CB1CE2EC96B4}.Release|x86.ActiveCfg = Release|Any CPU
		{879C20A1-0FD2-408F-9D7C-CB1CE2EC96B4}.Release|x86.Build.0 = Release|Any CPU
		{E418BDF4-9105-40E8-A68D-4E50731C8B52}.Debug|Any CPU.ActiveCfg = Debug|Any CPU
		{E418BDF4-9105-40E8-A68D-4E50731C8B52}.Debug|Any CPU.Build.0 = Debug|Any CPU
		{E418BDF4-9105-40E8-A68D-4E50731C8B52}.Debug|x64.ActiveCfg = Debug|Any CPU
		{E418BDF4-9105-40E8-A68D-4E50731C8B52}.Debug|x64.Build.0 = Debug|Any CPU
		{E418BDF4-9105-40E8-A68D-4E50731C8B52}.Debug|x86.ActiveCfg = Debug|Any CPU
		{E418BDF4-9105-40E8-A68D-4E50731C8B52}.Debug|x86.Build.0 = Debug|Any CPU
		{E418BDF4-9105-40E8-A68D-4E50731C8B52}.Release|Any CPU.ActiveCfg = Release|Any CPU
		{E418BDF4-9105-40E8-A68D-4E50731C8B52}.Release|Any CPU.Build.0 = Release|Any CPU
		{E418BDF4-9105-40E8-A68D-4E50731C8B52}.Release|x64.ActiveCfg = Release|Any CPU
		{E418BDF4-9105-40E8-A68D-4E50731C8B52}.Release|x64.Build.0 = Release|Any CPU
		{E418BDF4-9105-40E8-A68D-4E50731C8B52}.Release|x86.ActiveCfg = Release|Any CPU
		{E418BDF4-9105-40E8-A68D-4E50731C8B52}.Release|x86.Build.0 = Release|Any CPU
		{0130904A-5552-419D-A88C-D2A20C674F15}.Debug|Any CPU.ActiveCfg = Debug|Any CPU
		{0130904A-5552-419D-A88C-D2A20C674F15}.Debug|Any CPU.Build.0 = Debug|Any CPU
		{0130904A-5552-419D-A88C-D2A20C674F15}.Debug|x64.ActiveCfg = Debug|Any CPU
		{0130904A-5552-419D-A88C-D2A20C674F15}.Debug|x64.Build.0 = Debug|Any CPU
		{0130904A-5552-419D-A88C-D2A20C674F15}.Debug|x86.ActiveCfg = Debug|Any CPU
		{0130904A-5552-419D-A88C-D2A20C674F15}.Debug|x86.Build.0 = Debug|Any CPU
		{0130904A-5552-419D-A88C-D2A20C674F15}.Release|Any CPU.ActiveCfg = Release|Any CPU
		{0130904A-5552-419D-A88C-D2A20C674F15}.Release|Any CPU.Build.0 = Release|Any CPU
		{0130904A-5552-419D-A88C-D2A20C674F15}.Release|x64.ActiveCfg = Release|Any CPU
		{0130904A-5552-419D-A88C-D2A20C674F15}.Release|x64.Build.0 = Release|Any CPU
		{0130904A-5552-419D-A88C-D2A20C674F15}.Release|x86.ActiveCfg = Release|Any CPU
		{0130904A-5552-419D-A88C-D2A20C674F15}.Release|x86.Build.0 = Release|Any CPU
		{B17D4F9D-C1D9-49D0-A760-044E4298FD2D}.Debug|Any CPU.ActiveCfg = Debug|Any CPU
		{B17D4F9D-C1D9-49D0-A760-044E4298FD2D}.Debug|Any CPU.Build.0 = Debug|Any CPU
		{B17D4F9D-C1D9-49D0-A760-044E4298FD2D}.Debug|x64.ActiveCfg = Debug|Any CPU
		{B17D4F9D-C1D9-49D0-A760-044E4298FD2D}.Debug|x64.Build.0 = Debug|Any CPU
		{B17D4F9D-C1D9-49D0-A760-044E4298FD2D}.Debug|x86.ActiveCfg = Debug|Any CPU
		{B17D4F9D-C1D9-49D0-A760-044E4298FD2D}.Debug|x86.Build.0 = Debug|Any CPU
		{B17D4F9D-C1D9-49D0-A760-044E4298FD2D}.Release|Any CPU.ActiveCfg = Release|Any CPU
		{B17D4F9D-C1D9-49D0-A760-044E4298FD2D}.Release|Any CPU.Build.0 = Release|Any CPU
		{B17D4F9D-C1D9-49D0-A760-044E4298FD2D}.Release|x64.ActiveCfg = Release|Any CPU
		{B17D4F9D-C1D9-49D0-A760-044E4298FD2D}.Release|x64.Build.0 = Release|Any CPU
		{B17D4F9D-C1D9-49D0-A760-044E4298FD2D}.Release|x86.ActiveCfg = Release|Any CPU
		{B17D4F9D-C1D9-49D0-A760-044E4298FD2D}.Release|x86.Build.0 = Release|Any CPU
	EndGlobalSection
	GlobalSection(SolutionProperties) = preSolution
		HideSolutionNode = FALSE
	EndGlobalSection
EndGlobal
